// !$*UTF8*$!
{
	archiveVersion = 1;
	classes = {
	};
	objectVersion = 50;
	objects = {

/* Begin PBXBuildFile section */
		CEE49D1626DC77A000EAFE4B /* Tests_iOS.swift in Sources */ = {isa = PBXBuildFile; fileRef = CEE49D1526DC77A000EAFE4B /* Tests_iOS.swift */; };
		CEE49D2126DC77A000EAFE4B /* Tests_macOS.swift in Sources */ = {isa = PBXBuildFile; fileRef = CEE49D2026DC77A000EAFE4B /* Tests_macOS.swift */; };
		CEE49D2326DC77A000EAFE4B /* CenTorCatsApp.swift in Sources */ = {isa = PBXBuildFile; fileRef = CEE49CFA26DC779F00EAFE4B /* CenTorCatsApp.swift */; };
		CEE49D2426DC77A000EAFE4B /* CenTorCatsApp.swift in Sources */ = {isa = PBXBuildFile; fileRef = CEE49CFA26DC779F00EAFE4B /* CenTorCatsApp.swift */; };
		CEE49D2526DC77A000EAFE4B /* ContentView.swift in Sources */ = {isa = PBXBuildFile; fileRef = CEE49CFB26DC779F00EAFE4B /* ContentView.swift */; };
		CEE49D2626DC77A000EAFE4B /* ContentView.swift in Sources */ = {isa = PBXBuildFile; fileRef = CEE49CFB26DC779F00EAFE4B /* ContentView.swift */; };
		CEE49D2726DC77A000EAFE4B /* Assets.xcassets in Resources */ = {isa = PBXBuildFile; fileRef = CEE49CFC26DC77A000EAFE4B /* Assets.xcassets */; };
		CEE49D2826DC77A000EAFE4B /* Assets.xcassets in Resources */ = {isa = PBXBuildFile; fileRef = CEE49CFC26DC77A000EAFE4B /* Assets.xcassets */; };
/* End PBXBuildFile section */

/* Begin PBXContainerItemProxy section */
		CEE49D1226DC77A000EAFE4B /* PBXContainerItemProxy */ = {
			isa = PBXContainerItemProxy;
			containerPortal = CEE49CF526DC779F00EAFE4B /* Project object */;
			proxyType = 1;
			remoteGlobalIDString = CEE49D0026DC77A000EAFE4B;
			remoteInfo = "CenTor Cats (iOS)";
		};
		CEE49D1D26DC77A000EAFE4B /* PBXContainerItemProxy */ = {
			isa = PBXContainerItemProxy;
			containerPortal = CEE49CF526DC779F00EAFE4B /* Project object */;
			proxyType = 1;
			remoteGlobalIDString = CEE49D0826DC77A000EAFE4B;
			remoteInfo = "CenTor Cats (macOS)";
		};
/* End PBXContainerItemProxy section */

/* Begin PBXFileReference section */
		CEE49CFA26DC779F00EAFE4B /* CenTorCatsApp.swift */ = {isa = PBXFileReference; lastKnownFileType = sourcecode.swift; path = CenTorCatsApp.swift; sourceTree = "<group>"; };
		CEE49CFB26DC779F00EAFE4B /* ContentView.swift */ = {isa = PBXFileReference; lastKnownFileType = sourcecode.swift; path = ContentView.swift; sourceTree = "<group>"; };
		CEE49CFC26DC77A000EAFE4B /* Assets.xcassets */ = {isa = PBXFileReference; lastKnownFileType = folder.assetcatalog; path = Assets.xcassets; sourceTree = "<group>"; };
		CEE49D0126DC77A000EAFE4B /* CenTor Cats.app */ = {isa = PBXFileReference; explicitFileType = wrapper.application; includeInIndex = 0; path = "CenTor Cats.app"; sourceTree = BUILT_PRODUCTS_DIR; };
		CEE49D0426DC77A000EAFE4B /* Info.plist */ = {isa = PBXFileReference; lastKnownFileType = text.plist.xml; path = Info.plist; sourceTree = "<group>"; };
		CEE49D0926DC77A000EAFE4B /* CenTor Cats.app */ = {isa = PBXFileReference; explicitFileType = wrapper.application; includeInIndex = 0; path = "CenTor Cats.app"; sourceTree = BUILT_PRODUCTS_DIR; };
		CEE49D0B26DC77A000EAFE4B /* Info.plist */ = {isa = PBXFileReference; lastKnownFileType = text.plist.xml; path = Info.plist; sourceTree = "<group>"; };
		CEE49D0C26DC77A000EAFE4B /* macOS.entitlements */ = {isa = PBXFileReference; lastKnownFileType = text.plist.entitlements; path = macOS.entitlements; sourceTree = "<group>"; };
		CEE49D1126DC77A000EAFE4B /* Tests iOS.xctest */ = {isa = PBXFileReference; explicitFileType = wrapper.cfbundle; includeInIndex = 0; path = "Tests iOS.xctest"; sourceTree = BUILT_PRODUCTS_DIR; };
		CEE49D1526DC77A000EAFE4B /* Tests_iOS.swift */ = {isa = PBXFileReference; lastKnownFileType = sourcecode.swift; path = Tests_iOS.swift; sourceTree = "<group>"; };
		CEE49D1726DC77A000EAFE4B /* Info.plist */ = {isa = PBXFileReference; lastKnownFileType = text.plist.xml; path = Info.plist; sourceTree = "<group>"; };
		CEE49D1C26DC77A000EAFE4B /* Tests macOS.xctest */ = {isa = PBXFileReference; explicitFileType = wrapper.cfbundle; includeInIndex = 0; path = "Tests macOS.xctest"; sourceTree = BUILT_PRODUCTS_DIR; };
		CEE49D2026DC77A000EAFE4B /* Tests_macOS.swift */ = {isa = PBXFileReference; lastKnownFileType = sourcecode.swift; path = Tests_macOS.swift; sourceTree = "<group>"; };
		CEE49D2226DC77A000EAFE4B /* Info.plist */ = {isa = PBXFileReference; lastKnownFileType = text.plist.xml; path = Info.plist; sourceTree = "<group>"; };
/* End PBXFileReference section */

/* Begin PBXFrameworksBuildPhase section */
		CEE49CFE26DC77A000EAFE4B /* Frameworks */ = {
			isa = PBXFrameworksBuildPhase;
			buildActionMask = 2147483647;
			files = (
			);
			runOnlyForDeploymentPostprocessing = 0;
		};
		CEE49D0626DC77A000EAFE4B /* Frameworks */ = {
			isa = PBXFrameworksBuildPhase;
			buildActionMask = 2147483647;
			files = (
			);
			runOnlyForDeploymentPostprocessing = 0;
		};
		CEE49D0E26DC77A000EAFE4B /* Frameworks */ = {
			isa = PBXFrameworksBuildPhase;
			buildActionMask = 2147483647;
			files = (
			);
			runOnlyForDeploymentPostprocessing = 0;
		};
		CEE49D1926DC77A000EAFE4B /* Frameworks */ = {
			isa = PBXFrameworksBuildPhase;
			buildActionMask = 2147483647;
			files = (
			);
			runOnlyForDeploymentPostprocessing = 0;
		};
/* End PBXFrameworksBuildPhase section */

/* Begin PBXGroup section */
		CEE49CF426DC779F00EAFE4B = {
			isa = PBXGroup;
			children = (
				CEE49CF926DC779F00EAFE4B /* Shared */,
				CEE49D0326DC77A000EAFE4B /* iOS */,
				CEE49D0A26DC77A000EAFE4B /* macOS */,
				CEE49D1426DC77A000EAFE4B /* Tests iOS */,
				CEE49D1F26DC77A000EAFE4B /* Tests macOS */,
				CEE49D0226DC77A000EAFE4B /* Products */,
			);
			sourceTree = "<group>";
		};
		CEE49CF926DC779F00EAFE4B /* Shared */ = {
			isa = PBXGroup;
			children = (
				CEE49CFA26DC779F00EAFE4B /* CenTor_CatsApp.swift */,
				CEE49CFB26DC779F00EAFE4B /* ContentView.swift */,
				CEE49CFC26DC77A000EAFE4B /* Assets.xcassets */,
			);
			path = Shared;
			sourceTree = "<group>";
		};
		CEE49D0226DC77A000EAFE4B /* Products */ = {
			isa = PBXGroup;
			children = (
				CEE49D0126DC77A000EAFE4B /* CenTor Cats.app */,
				CEE49D0926DC77A000EAFE4B /* CenTor Cats.app */,
				CEE49D1126DC77A000EAFE4B /* Tests iOS.xctest */,
				CEE49D1C26DC77A000EAFE4B /* Tests macOS.xctest */,
			);
			name = Products;
			sourceTree = "<group>";
		};
		CEE49D0326DC77A000EAFE4B /* iOS */ = {
			isa = PBXGroup;
			children = (
				CEE49D0426DC77A000EAFE4B /* Info.plist */,
			);
			path = iOS;
			sourceTree = "<group>";
		};
		CEE49D0A26DC77A000EAFE4B /* macOS */ = {
			isa = PBXGroup;
			children = (
				CEE49D0B26DC77A000EAFE4B /* Info.plist */,
				CEE49D0C26DC77A000EAFE4B /* macOS.entitlements */,
			);
			path = macOS;
			sourceTree = "<group>";
		};
		CEE49D1426DC77A000EAFE4B /* Tests iOS */ = {
			isa = PBXGroup;
			children = (
				CEE49D1526DC77A000EAFE4B /* Tests_iOS.swift */,
				CEE49D1726DC77A000EAFE4B /* Info.plist */,
			);
			path = "Tests iOS";
			sourceTree = "<group>";
		};
		CEE49D1F26DC77A000EAFE4B /* Tests macOS */ = {
			isa = PBXGroup;
			children = (
				CEE49D2026DC77A000EAFE4B /* Tests_macOS.swift */,
				CEE49D2226DC77A000EAFE4B /* Info.plist */,
			);
			path = "Tests macOS";
			sourceTree = "<group>";
		};
/* End PBXGroup section */

/* Begin PBXNativeTarget section */
		CEE49D0026DC77A000EAFE4B /* CenTor Cats (iOS) */ = {
			isa = PBXNativeTarget;
			buildConfigurationList = CEE49D2B26DC77A000EAFE4B /* Build configuration list for PBXNativeTarget "CenTor Cats (iOS)" */;
			buildPhases = (
				CEE49CFD26DC77A000EAFE4B /* Sources */,
				CEE49CFE26DC77A000EAFE4B /* Frameworks */,
				CEE49CFF26DC77A000EAFE4B /* Resources */,
			);
			buildRules = (
			);
			dependencies = (
			);
			name = "CenTor Cats (iOS)";
			productName = "CenTor Cats (iOS)";
			productReference = CEE49D0126DC77A000EAFE4B /* CenTor Cats.app */;
			productType = "com.apple.product-type.application";
		};
		CEE49D0826DC77A000EAFE4B /* CenTor Cats (macOS) */ = {
			isa = PBXNativeTarget;
			buildConfigurationList = CEE49D2E26DC77A000EAFE4B /* Build configuration list for PBXNativeTarget "CenTor Cats (macOS)" */;
			buildPhases = (
				CEE49D0526DC77A000EAFE4B /* Sources */,
				CEE49D0626DC77A000EAFE4B /* Frameworks */,
				CEE49D0726DC77A000EAFE4B /* Resources */,
			);
			buildRules = (
			);
			dependencies = (
			);
			name = "CenTor Cats (macOS)";
			productName = "CenTor Cats (macOS)";
			productReference = CEE49D0926DC77A000EAFE4B /* CenTor Cats.app */;
			productType = "com.apple.product-type.application";
		};
		CEE49D1026DC77A000EAFE4B /* Tests iOS */ = {
			isa = PBXNativeTarget;
			buildConfigurationList = CEE49D3126DC77A000EAFE4B /* Build configuration list for PBXNativeTarget "Tests iOS" */;
			buildPhases = (
				CEE49D0D26DC77A000EAFE4B /* Sources */,
				CEE49D0E26DC77A000EAFE4B /* Frameworks */,
				CEE49D0F26DC77A000EAFE4B /* Resources */,
			);
			buildRules = (
			);
			dependencies = (
				CEE49D1326DC77A000EAFE4B /* PBXTargetDependency */,
			);
			name = "Tests iOS";
			productName = "Tests iOS";
			productReference = CEE49D1126DC77A000EAFE4B /* Tests iOS.xctest */;
			productType = "com.apple.product-type.bundle.ui-testing";
		};
		CEE49D1B26DC77A000EAFE4B /* Tests macOS */ = {
			isa = PBXNativeTarget;
			buildConfigurationList = CEE49D3426DC77A000EAFE4B /* Build configuration list for PBXNativeTarget "Tests macOS" */;
			buildPhases = (
				CEE49D1826DC77A000EAFE4B /* Sources */,
				CEE49D1926DC77A000EAFE4B /* Frameworks */,
				CEE49D1A26DC77A000EAFE4B /* Resources */,
			);
			buildRules = (
			);
			dependencies = (
				CEE49D1E26DC77A000EAFE4B /* PBXTargetDependency */,
			);
			name = "Tests macOS";
			productName = "Tests macOS";
			productReference = CEE49D1C26DC77A000EAFE4B /* Tests macOS.xctest */;
			productType = "com.apple.product-type.bundle.ui-testing";
		};
/* End PBXNativeTarget section */

/* Begin PBXProject section */
		CEE49CF526DC779F00EAFE4B /* Project object */ = {
			isa = PBXProject;
			attributes = {
				LastSwiftUpdateCheck = 1250;
				LastUpgradeCheck = 1250;
				TargetAttributes = {
					CEE49D0026DC77A000EAFE4B = {
						CreatedOnToolsVersion = 12.5.1;
					};
					CEE49D0826DC77A000EAFE4B = {
						CreatedOnToolsVersion = 12.5.1;
					};
					CEE49D1026DC77A000EAFE4B = {
						CreatedOnToolsVersion = 12.5.1;
						TestTargetID = CEE49D0026DC77A000EAFE4B;
					};
					CEE49D1B26DC77A000EAFE4B = {
						CreatedOnToolsVersion = 12.5.1;
						TestTargetID = CEE49D0826DC77A000EAFE4B;
					};
				};
			};
			buildConfigurationList = CEE49CF826DC779F00EAFE4B /* Build configuration list for PBXProject "CenTor Cats" */;
			compatibilityVersion = "Xcode 9.3";
			developmentRegion = en;
			hasScannedForEncodings = 0;
			knownRegions = (
				en,
				Base,
			);
			mainGroup = CEE49CF426DC779F00EAFE4B;
			productRefGroup = CEE49D0226DC77A000EAFE4B /* Products */;
			projectDirPath = "";
			projectRoot = "";
			targets = (
				CEE49D0026DC77A000EAFE4B /* CenTor Cats (iOS) */,
				CEE49D0826DC77A000EAFE4B /* CenTor Cats (macOS) */,
				CEE49D1026DC77A000EAFE4B /* Tests iOS */,
				CEE49D1B26DC77A000EAFE4B /* Tests macOS */,
			);
		};
/* End PBXProject section */

/* Begin PBXResourcesBuildPhase section */
		CEE49CFF26DC77A000EAFE4B /* Resources */ = {
			isa = PBXResourcesBuildPhase;
			buildActionMask = 2147483647;
			files = (
				CEE49D2726DC77A000EAFE4B /* Assets.xcassets in Resources */,
			);
			runOnlyForDeploymentPostprocessing = 0;
		};
		CEE49D0726DC77A000EAFE4B /* Resources */ = {
			isa = PBXResourcesBuildPhase;
			buildActionMask = 2147483647;
			files = (
				CEE49D2826DC77A000EAFE4B /* Assets.xcassets in Resources */,
			);
			runOnlyForDeploymentPostprocessing = 0;
		};
		CEE49D0F26DC77A000EAFE4B /* Resources */ = {
			isa = PBXResourcesBuildPhase;
			buildActionMask = 2147483647;
			files = (
			);
			runOnlyForDeploymentPostprocessing = 0;
		};
		CEE49D1A26DC77A000EAFE4B /* Resources */ = {
			isa = PBXResourcesBuildPhase;
			buildActionMask = 2147483647;
			files = (
			);
			runOnlyForDeploymentPostprocessing = 0;
		};
/* End PBXResourcesBuildPhase section */

/* Begin PBXSourcesBuildPhase section */
		CEE49CFD26DC77A000EAFE4B /* Sources */ = {
			isa = PBXSourcesBuildPhase;
			buildActionMask = 2147483647;
			files = (
				CEE49D2526DC77A000EAFE4B /* ContentView.swift in Sources */,
				CEE49D2326DC77A000EAFE4B /* CenTor_CatsApp.swift in Sources */,
			);
			runOnlyForDeploymentPostprocessing = 0;
		};
		CEE49D0526DC77A000EAFE4B /* Sources */ = {
			isa = PBXSourcesBuildPhase;
			buildActionMask = 2147483647;
			files = (
				CEE49D2626DC77A000EAFE4B /* ContentView.swift in Sources */,
				CEE49D2426DC77A000EAFE4B /* CenTor_CatsApp.swift in Sources */,
			);
			runOnlyForDeploymentPostprocessing = 0;
		};
		CEE49D0D26DC77A000EAFE4B /* Sources */ = {
			isa = PBXSourcesBuildPhase;
			buildActionMask = 2147483647;
			files = (
				CEE49D1626DC77A000EAFE4B /* Tests_iOS.swift in Sources */,
			);
			runOnlyForDeploymentPostprocessing = 0;
		};
		CEE49D1826DC77A000EAFE4B /* Sources */ = {
			isa = PBXSourcesBuildPhase;
			buildActionMask = 2147483647;
			files = (
				CEE49D2126DC77A000EAFE4B /* Tests_macOS.swift in Sources */,
			);
			runOnlyForDeploymentPostprocessing = 0;
		};
/* End PBXSourcesBuildPhase section */

/* Begin PBXTargetDependency section */
		CEE49D1326DC77A000EAFE4B /* PBXTargetDependency */ = {
			isa = PBXTargetDependency;
			target = CEE49D0026DC77A000EAFE4B /* CenTor Cats (iOS) */;
			targetProxy = CEE49D1226DC77A000EAFE4B /* PBXContainerItemProxy */;
		};
		CEE49D1E26DC77A000EAFE4B /* PBXTargetDependency */ = {
			isa = PBXTargetDependency;
			target = CEE49D0826DC77A000EAFE4B /* CenTor Cats (macOS) */;
			targetProxy = CEE49D1D26DC77A000EAFE4B /* PBXContainerItemProxy */;
		};
/* End PBXTargetDependency section */

/* Begin XCBuildConfiguration section */
		CEE49D2926DC77A000EAFE4B /* Debug */ = {
			isa = XCBuildConfiguration;
			buildSettings = {
				ALWAYS_SEARCH_USER_PATHS = NO;
				CLANG_ANALYZER_NONNULL = YES;
				CLANG_ANALYZER_NUMBER_OBJECT_CONVERSION = YES_AGGRESSIVE;
				CLANG_CXX_LANGUAGE_STANDARD = "gnu++14";
				CLANG_CXX_LIBRARY = "libc++";
				CLANG_ENABLE_MODULES = YES;
				CLANG_ENABLE_OBJC_ARC = YES;
				CLANG_ENABLE_OBJC_WEAK = YES;
				CLANG_WARN_BLOCK_CAPTURE_AUTORELEASING = YES;
				CLANG_WARN_BOOL_CONVERSION = YES;
				CLANG_WARN_COMMA = YES;
				CLANG_WARN_CONSTANT_CONVERSION = YES;
				CLANG_WARN_DEPRECATED_OBJC_IMPLEMENTATIONS = YES;
				CLANG_WARN_DIRECT_OBJC_ISA_USAGE = YES_ERROR;
				CLANG_WARN_DOCUMENTATION_COMMENTS = YES;
				CLANG_WARN_EMPTY_BODY = YES;
				CLANG_WARN_ENUM_CONVERSION = YES;
				CLANG_WARN_INFINITE_RECURSION = YES;
				CLANG_WARN_INT_CONVERSION = YES;
				CLANG_WARN_NON_LITERAL_NULL_CONVERSION = YES;
				CLANG_WARN_OBJC_IMPLICIT_RETAIN_SELF = YES;
				CLANG_WARN_OBJC_LITERAL_CONVERSION = YES;
				CLANG_WARN_OBJC_ROOT_CLASS = YES_ERROR;
				CLANG_WARN_QUOTED_INCLUDE_IN_FRAMEWORK_HEADER = YES;
				CLANG_WARN_RANGE_LOOP_ANALYSIS = YES;
				CLANG_WARN_STRICT_PROTOTYPES = YES;
				CLANG_WARN_SUSPICIOUS_MOVE = YES;
				CLANG_WARN_UNGUARDED_AVAILABILITY = YES_AGGRESSIVE;
				CLANG_WARN_UNREACHABLE_CODE = YES;
				CLANG_WARN__DUPLICATE_METHOD_MATCH = YES;
				COPY_PHASE_STRIP = NO;
				DEBUG_INFORMATION_FORMAT = dwarf;
				ENABLE_STRICT_OBJC_MSGSEND = YES;
				ENABLE_TESTABILITY = YES;
				GCC_C_LANGUAGE_STANDARD = gnu11;
				GCC_DYNAMIC_NO_PIC = NO;
				GCC_NO_COMMON_BLOCKS = YES;
				GCC_OPTIMIZATION_LEVEL = 0;
				GCC_PREPROCESSOR_DEFINITIONS = (
					"DEBUG=1",
					"$(inherited)",
				);
				GCC_WARN_64_TO_32_BIT_CONVERSION = YES;
				GCC_WARN_ABOUT_RETURN_TYPE = YES_ERROR;
				GCC_WARN_UNDECLARED_SELECTOR = YES;
				GCC_WARN_UNINITIALIZED_AUTOS = YES_AGGRESSIVE;
				GCC_WARN_UNUSED_FUNCTION = YES;
				GCC_WARN_UNUSED_VARIABLE = YES;
				MTL_ENABLE_DEBUG_INFO = INCLUDE_SOURCE;
				MTL_FAST_MATH = YES;
				ONLY_ACTIVE_ARCH = YES;
				SWIFT_ACTIVE_COMPILATION_CONDITIONS = DEBUG;
				SWIFT_OPTIMIZATION_LEVEL = "-Onone";
			};
			name = Debug;
		};
		CEE49D2A26DC77A000EAFE4B /* Release */ = {
			isa = XCBuildConfiguration;
			buildSettings = {
				ALWAYS_SEARCH_USER_PATHS = NO;
				CLANG_ANALYZER_NONNULL = YES;
				CLANG_ANALYZER_NUMBER_OBJECT_CONVERSION = YES_AGGRESSIVE;
				CLANG_CXX_LANGUAGE_STANDARD = "gnu++14";
				CLANG_CXX_LIBRARY = "libc++";
				CLANG_ENABLE_MODULES = YES;
				CLANG_ENABLE_OBJC_ARC = YES;
				CLANG_ENABLE_OBJC_WEAK = YES;
				CLANG_WARN_BLOCK_CAPTURE_AUTORELEASING = YES;
				CLANG_WARN_BOOL_CONVERSION = YES;
				CLANG_WARN_COMMA = YES;
				CLANG_WARN_CONSTANT_CONVERSION = YES;
				CLANG_WARN_DEPRECATED_OBJC_IMPLEMENTATIONS = YES;
				CLANG_WARN_DIRECT_OBJC_ISA_USAGE = YES_ERROR;
				CLANG_WARN_DOCUMENTATION_COMMENTS = YES;
				CLANG_WARN_EMPTY_BODY = YES;
				CLANG_WARN_ENUM_CONVERSION = YES;
				CLANG_WARN_INFINITE_RECURSION = YES;
				CLANG_WARN_INT_CONVERSION = YES;
				CLANG_WARN_NON_LITERAL_NULL_CONVERSION = YES;
				CLANG_WARN_OBJC_IMPLICIT_RETAIN_SELF = YES;
				CLANG_WARN_OBJC_LITERAL_CONVERSION = YES;
				CLANG_WARN_OBJC_ROOT_CLASS = YES_ERROR;
				CLANG_WARN_QUOTED_INCLUDE_IN_FRAMEWORK_HEADER = YES;
				CLANG_WARN_RANGE_LOOP_ANALYSIS = YES;
				CLANG_WARN_STRICT_PROTOTYPES = YES;
				CLANG_WARN_SUSPICIOUS_MOVE = YES;
				CLANG_WARN_UNGUARDED_AVAILABILITY = YES_AGGRESSIVE;
				CLANG_WARN_UNREACHABLE_CODE = YES;
				CLANG_WARN__DUPLICATE_METHOD_MATCH = YES;
				COPY_PHASE_STRIP = NO;
				DEBUG_INFORMATION_FORMAT = "dwarf-with-dsym";
				ENABLE_NS_ASSERTIONS = NO;
				ENABLE_STRICT_OBJC_MSGSEND = YES;
				GCC_C_LANGUAGE_STANDARD = gnu11;
				GCC_NO_COMMON_BLOCKS = YES;
				GCC_WARN_64_TO_32_BIT_CONVERSION = YES;
				GCC_WARN_ABOUT_RETURN_TYPE = YES_ERROR;
				GCC_WARN_UNDECLARED_SELECTOR = YES;
				GCC_WARN_UNINITIALIZED_AUTOS = YES_AGGRESSIVE;
				GCC_WARN_UNUSED_FUNCTION = YES;
				GCC_WARN_UNUSED_VARIABLE = YES;
				MTL_ENABLE_DEBUG_INFO = NO;
				MTL_FAST_MATH = YES;
				SWIFT_COMPILATION_MODE = wholemodule;
				SWIFT_OPTIMIZATION_LEVEL = "-O";
			};
			name = Release;
		};
		CEE49D2C26DC77A000EAFE4B /* Debug */ = {
			isa = XCBuildConfiguration;
			buildSettings = {
				ASSETCATALOG_COMPILER_APPICON_NAME = AppIcon;
				ASSETCATALOG_COMPILER_GLOBAL_ACCENT_COLOR_NAME = AccentColor;
				CODE_SIGN_STYLE = Automatic;
				ENABLE_PREVIEWS = YES;
				INFOPLIST_FILE = iOS/Info.plist;
				IPHONEOS_DEPLOYMENT_TARGET = 14.0;
				LD_RUNPATH_SEARCH_PATHS = (
					"$(inherited)",
					"@executable_path/Frameworks",
				);
				PRODUCT_BUNDLE_IDENTIFIER = "cengiztoru.CenTor-Cats";
				PRODUCT_NAME = "CenTor Cats";
				SDKROOT = iphoneos;
				SWIFT_VERSION = 5.0;
				TARGETED_DEVICE_FAMILY = "1,2";
			};
			name = Debug;
		};
		CEE49D2D26DC77A000EAFE4B /* Release */ = {
			isa = XCBuildConfiguration;
			buildSettings = {
				ASSETCATALOG_COMPILER_APPICON_NAME = AppIcon;
				ASSETCATALOG_COMPILER_GLOBAL_ACCENT_COLOR_NAME = AccentColor;
				CODE_SIGN_STYLE = Automatic;
				ENABLE_PREVIEWS = YES;
				INFOPLIST_FILE = iOS/Info.plist;
				IPHONEOS_DEPLOYMENT_TARGET = 14.0;
				LD_RUNPATH_SEARCH_PATHS = (
					"$(inherited)",
					"@executable_path/Frameworks",
				);
				PRODUCT_BUNDLE_IDENTIFIER = "cengiztoru.CenTor-Cats";
				PRODUCT_NAME = "CenTor Cats";
				SDKROOT = iphoneos;
				SWIFT_VERSION = 5.0;
				TARGETED_DEVICE_FAMILY = "1,2";
				VALIDATE_PRODUCT = YES;
			};
			name = Release;
		};
		CEE49D2F26DC77A000EAFE4B /* Debug */ = {
			isa = XCBuildConfiguration;
			buildSettings = {
				ASSETCATALOG_COMPILER_APPICON_NAME = AppIcon;
				ASSETCATALOG_COMPILER_GLOBAL_ACCENT_COLOR_NAME = AccentColor;
				CODE_SIGN_ENTITLEMENTS = macOS/macOS.entitlements;
				CODE_SIGN_STYLE = Automatic;
				COMBINE_HIDPI_IMAGES = YES;
				ENABLE_PREVIEWS = YES;
				INFOPLIST_FILE = macOS/Info.plist;
				LD_RUNPATH_SEARCH_PATHS = (
					"$(inherited)",
					"@executable_path/../Frameworks",
				);
				MACOSX_DEPLOYMENT_TARGET = 11.0;
				PRODUCT_BUNDLE_IDENTIFIER = "cengiztoru.CenTor-Cats";
				PRODUCT_NAME = "CenTor Cats";
				SDKROOT = macosx;
				SWIFT_VERSION = 5.0;
			};
			name = Debug;
		};
		CEE49D3026DC77A000EAFE4B /* Release */ = {
			isa = XCBuildConfiguration;
			buildSettings = {
				ASSETCATALOG_COMPILER_APPICON_NAME = AppIcon;
				ASSETCATALOG_COMPILER_GLOBAL_ACCENT_COLOR_NAME = AccentColor;
				CODE_SIGN_ENTITLEMENTS = macOS/macOS.entitlements;
				CODE_SIGN_STYLE = Automatic;
				COMBINE_HIDPI_IMAGES = YES;
				ENABLE_PREVIEWS = YES;
				INFOPLIST_FILE = macOS/Info.plist;
				LD_RUNPATH_SEARCH_PATHS = (
					"$(inherited)",
					"@executable_path/../Frameworks",
				);
				MACOSX_DEPLOYMENT_TARGET = 11.0;
				PRODUCT_BUNDLE_IDENTIFIER = "cengiztoru.CenTor-Cats";
				PRODUCT_NAME = "CenTor Cats";
				SDKROOT = macosx;
				SWIFT_VERSION = 5.0;
			};
			name = Release;
		};
		CEE49D3226DC77A000EAFE4B /* Debug */ = {
			isa = XCBuildConfiguration;
			buildSettings = {
				ALWAYS_EMBED_SWIFT_STANDARD_LIBRARIES = YES;
				CODE_SIGN_STYLE = Automatic;
				INFOPLIST_FILE = "Tests iOS/Info.plist";
				IPHONEOS_DEPLOYMENT_TARGET = 14.5;
				LD_RUNPATH_SEARCH_PATHS = (
					"$(inherited)",
					"@executable_path/Frameworks",
					"@loader_path/Frameworks",
				);
				PRODUCT_BUNDLE_IDENTIFIER = "cengiztoru.Tests-iOS";
				PRODUCT_NAME = "$(TARGET_NAME)";
				SDKROOT = iphoneos;
				SWIFT_VERSION = 5.0;
				TARGETED_DEVICE_FAMILY = "1,2";
				TEST_TARGET_NAME = "CenTor Cats (iOS)";
			};
			name = Debug;
		};
		CEE49D3326DC77A000EAFE4B /* Release */ = {
			isa = XCBuildConfiguration;
			buildSettings = {
				ALWAYS_EMBED_SWIFT_STANDARD_LIBRARIES = YES;
				CODE_SIGN_STYLE = Automatic;
				INFOPLIST_FILE = "Tests iOS/Info.plist";
				IPHONEOS_DEPLOYMENT_TARGET = 14.5;
				LD_RUNPATH_SEARCH_PATHS = (
					"$(inherited)",
					"@executable_path/Frameworks",
					"@loader_path/Frameworks",
				);
				PRODUCT_BUNDLE_IDENTIFIER = "cengiztoru.Tests-iOS";
				PRODUCT_NAME = "$(TARGET_NAME)";
				SDKROOT = iphoneos;
				SWIFT_VERSION = 5.0;
				TARGETED_DEVICE_FAMILY = "1,2";
				TEST_TARGET_NAME = "CenTor Cats (iOS)";
				VALIDATE_PRODUCT = YES;
			};
			name = Release;
		};
		CEE49D3526DC77A000EAFE4B /* Debug */ = {
			isa = XCBuildConfiguration;
			buildSettings = {
				ALWAYS_EMBED_SWIFT_STANDARD_LIBRARIES = YES;
				CODE_SIGN_STYLE = Automatic;
				COMBINE_HIDPI_IMAGES = YES;
				INFOPLIST_FILE = "Tests macOS/Info.plist";
				LD_RUNPATH_SEARCH_PATHS = (
					"$(inherited)",
					"@executable_path/../Frameworks",
					"@loader_path/../Frameworks",
				);
				MACOSX_DEPLOYMENT_TARGET = 11.3;
				PRODUCT_BUNDLE_IDENTIFIER = "cengiztoru.Tests-macOS";
				PRODUCT_NAME = "$(TARGET_NAME)";
				SDKROOT = macosx;
				SWIFT_VERSION = 5.0;
				TEST_TARGET_NAME = "CenTor Cats (macOS)";
			};
			name = Debug;
		};
		CEE49D3626DC77A000EAFE4B /* Release */ = {
			isa = XCBuildConfiguration;
			buildSettings = {
				ALWAYS_EMBED_SWIFT_STANDARD_LIBRARIES = YES;
				CODE_SIGN_STYLE = Automatic;
				COMBINE_HIDPI_IMAGES = YES;
				INFOPLIST_FILE = "Tests macOS/Info.plist";
				LD_RUNPATH_SEARCH_PATHS = (
					"$(inherited)",
					"@executable_path/../Frameworks",
					"@loader_path/../Frameworks",
				);
				MACOSX_DEPLOYMENT_TARGET = 11.3;
				PRODUCT_BUNDLE_IDENTIFIER = "cengiztoru.Tests-macOS";
				PRODUCT_NAME = "$(TARGET_NAME)";
				SDKROOT = macosx;
				SWIFT_VERSION = 5.0;
				TEST_TARGET_NAME = "CenTor Cats (macOS)";
			};
			name = Release;
		};
/* End XCBuildConfiguration section */

/* Begin XCConfigurationList section */
		CEE49CF826DC779F00EAFE4B /* Build configuration list for PBXProject "CenTor Cats" */ = {
			isa = XCConfigurationList;
			buildConfigurations = (
				CEE49D2926DC77A000EAFE4B /* Debug */,
				CEE49D2A26DC77A000EAFE4B /* Release */,
			);
			defaultConfigurationIsVisible = 0;
			defaultConfigurationName = Release;
		};
		CEE49D2B26DC77A000EAFE4B /* Build configuration list for PBXNativeTarget "CenTor Cats (iOS)" */ = {
			isa = XCConfigurationList;
			buildConfigurations = (
				CEE49D2C26DC77A000EAFE4B /* Debug */,
				CEE49D2D26DC77A000EAFE4B /* Release */,
			);
			defaultConfigurationIsVisible = 0;
			defaultConfigurationName = Release;
		};
		CEE49D2E26DC77A000EAFE4B /* Build configuration list for PBXNativeTarget "CenTor Cats (macOS)" */ = {
			isa = XCConfigurationList;
			buildConfigurations = (
				CEE49D2F26DC77A000EAFE4B /* Debug */,
				CEE49D3026DC77A000EAFE4B /* Release */,
			);
			defaultConfigurationIsVisible = 0;
			defaultConfigurationName = Release;
		};
		CEE49D3126DC77A000EAFE4B /* Build configuration list for PBXNativeTarget "Tests iOS" */ = {
			isa = XCConfigurationList;
			buildConfigurations = (
				CEE49D3226DC77A000EAFE4B /* Debug */,
				CEE49D3326DC77A000EAFE4B /* Release */,
			);
			defaultConfigurationIsVisible = 0;
			defaultConfigurationName = Release;
		};
		CEE49D3426DC77A000EAFE4B /* Build configuration list for PBXNativeTarget "Tests macOS" */ = {
			isa = XCConfigurationList;
			buildConfigurations = (
				CEE49D3526DC77A000EAFE4B /* Debug */,
				CEE49D3626DC77A000EAFE4B /* Release */,
			);
			defaultConfigurationIsVisible = 0;
			defaultConfigurationName = Release;
		};
/* End XCConfigurationList section */
	};
	rootObject = CEE49CF526DC779F00EAFE4B /* Project object */;
}
